<?xml version="1.0" encoding="utf-8"?>
<Project ToolsVersion="4.0" xmlns="http://schemas.microsoft.com/developer/msbuild/2003">
  <ItemGroup>
    <Filter Include="源文件">
      <UniqueIdentifier>{4FC737F1-C7A5-4376-A066-2A32D752A2FF}</UniqueIdentifier>
      <Extensions>cpp;c;cc;cxx;def;odl;idl;hpj;bat;asm;asmx</Extensions>
    </Filter>
    <Filter Include="头文件">
      <UniqueIdentifier>{93995380-89BD-4b04-88EB-625FBE52EBFB}</UniqueIdentifier>
      <Extensions>h;hh;hpp;hxx;hm;inl;inc;xsd</Extensions>
    </Filter>
    <Filter Include="资源文件">
      <UniqueIdentifier>{67DA6AB6-F800-4c08-8B7A-83BB121AAD01}</UniqueIdentifier>
      <Extensions>rc;ico;cur;bmp;dlg;rc2;rct;bin;rgs;gif;jpg;jpeg;jpe;resx;tiff;tif;png;wav;mfcribbon-ms</Extensions>
    </Filter>
    <Filter Include="源文件\glad">
      <UniqueIdentifier>{763d5fb6-ab7b-47fe-8950-e19c2d306dfe}</UniqueIdentifier>
    </Filter>
    <Filter Include="源文件\shader">
      <UniqueIdentifier>{a9eebeb3-0825-4b02-a1d1-a4fa0fe90b03}</UniqueIdentifier>
    </Filter>
    <Filter Include="源文件\stb">
      <UniqueIdentifier>{ce3d1c2c-c284-46e6-b468-1cd237afd25a}</UniqueIdentifier>
    </Filter>
    <Filter Include="源文件\glad\src">
      <UniqueIdentifier>{b687bc6c-3cf9-429d-9a4b-d0280bb7491e}</UniqueIdentifier>
    </Filter>
    <Filter Include="源文件\glad\include">
      <UniqueIdentifier>{2412befb-0cf2-4919-a452-9ffb14f11073}</UniqueIdentifier>
    </Filter>
    <Filter Include="源文件\glad\include\glad">
      <UniqueIdentifier>{3687339c-be74-42f3-b62b-d2e3e76fe613}</UniqueIdentifier>
    </Filter>
    <Filter Include="源文件\glad\include\KHR">
      <UniqueIdentifier>{04f546c7-1ad7-45e4-9bdc-00a30a497738}</UniqueIdentifier>
    </Filter>
    <Filter Include="源文件\camera">
      <UniqueIdentifier>{c60eda7d-5842-444b-b338-0bba0bce0c9c}</UniqueIdentifier>
    </Filter>
  </ItemGroup>
  <ItemGroup>
    <ClCompile Include="main.cpp">
      <Filter>源文件</Filter>
    </ClCompile>
    <ClCompile Include="shader\Shader.cpp">
      <Filter>源文件\shader</Filter>
    </ClCompile>
    <ClCompile Include="stb\stb_image.cpp">
      <Filter>源文件\stb</Filter>
    </ClCompile>
    <ClCompile Include="stb\stb_image_write.cpp">
      <Filter>源文件\stb</Filter>
    </ClCompile>
    <ClCompile Include="glad\src\glad.c">
      <Filter>源文件\glad\src</Filter>
    </ClCompile>
    <ClCompile Include="camera\Camera.cpp">
      <Filter>源文件\camera</Filter>
    </ClCompile>
  </ItemGroup>
  <ItemGroup>
    <ClInclude Include="shader\Shader.h">
      <Filter>源文件\shader</Filter>
    </ClInclude>
    <ClInclude Include="stb\stb_image.h">
      <Filter>源文件\stb</Filter>
    </ClInclude>
    <ClInclude Include="stb\stb_image_write.h">
      <Filter>源文件\stb</Filter>
    </ClInclude>
    <ClInclude Include="glad\include\glad\glad.h">
      <Filter>源文件\glad\include\glad</Filter>
    </ClInclude>
    <ClInclude Include="glad\include\KHR\khrplatform.h">
      <Filter>源文件\glad\include\KHR</Filter>
    </ClInclude>
    <ClInclude Include="camera\Camera.h">
      <Filter>源文件\camera</Filter>
    </ClInclude>
  </ItemGroup>
</Project>